// !$*UTF8*$!
{
	archiveVersion = 1;
	classes = {
	};
	objectVersion = 50;
	objects = {

/* Begin PBXBuildFile section */
		F2E3317827BE2446001D7388 /* AppDelegate.swift in Sources */ = {isa = PBXBuildFile; fileRef = F2E3317727BE2446001D7388 /* AppDelegate.swift */; };
		F2E3317A27BE2446001D7388 /* SceneDelegate.swift in Sources */ = {isa = PBXBuildFile; fileRef = F2E3317927BE2446001D7388 /* SceneDelegate.swift */; };
		F2E3317C27BE2446001D7388 /* ViewController.swift in Sources */ = {isa = PBXBuildFile; fileRef = F2E3317B27BE2446001D7388 /* ViewController.swift */; };
		F2E3317F27BE2446001D7388 /* Main.storyboard in Resources */ = {isa = PBXBuildFile; fileRef = F2E3317D27BE2446001D7388 /* Main.storyboard */; };
		F2E3318127BE244D001D7388 /* Assets.xcassets in Resources */ = {isa = PBXBuildFile; fileRef = F2E3318027BE244D001D7388 /* Assets.xcassets */; };
		F2E3318427BE244D001D7388 /* LaunchScreen.storyboard in Resources */ = {isa = PBXBuildFile; fileRef = F2E3318227BE244D001D7388 /* LaunchScreen.storyboard */; };
/* End PBXBuildFile section */

/* Begin PBXFileReference section */
		F2E3317427BE2446001D7388 /* PDP_Storyboard(XIB)_ArDePattern.app */ = {isa = PBXFileReference; explicitFileType = wrapper.application; includeInIndex = 0; path = "PDP_Storyboard(XIB)_ArDePattern.app"; sourceTree = BUILT_PRODUCTS_DIR; };
		F2E3317727BE2446001D7388 /* AppDelegate.swift */ = {isa = PBXFileReference; lastKnownFileType = sourcecode.swift; path = AppDelegate.swift; sourceTree = "<group>"; };
		F2E3317927BE2446001D7388 /* SceneDelegate.swift */ = {isa = PBXFileReference; lastKnownFileType = sourcecode.swift; path = SceneDelegate.swift; sourceTree = "<group>"; };
		F2E3317B27BE2446001D7388 /* ViewController.swift */ = {isa = PBXFileReference; lastKnownFileType = sourcecode.swift; path = ViewController.swift; sourceTree = "<group>"; };
		F2E3317E27BE2446001D7388 /* Base */ = {isa = PBXFileReference; lastKnownFileType = file.storyboard; name = Base; path = Base.lproj/Main.storyboard; sourceTree = "<group>"; };
		F2E3318027BE244D001D7388 /* Assets.xcassets */ = {isa = PBXFileReference; lastKnownFileType = folder.assetcatalog; path = Assets.xcassets; sourceTree = "<group>"; };
		F2E3318327BE244D001D7388 /* Base */ = {isa = PBXFileReference; lastKnownFileType = file.storyboard; name = Base; path = Base.lproj/LaunchScreen.storyboard; sourceTree = "<group>"; };
		F2E3318527BE244D001D7388 /* Info.plist */ = {isa = PBXFileReference; lastKnownFileType = text.plist.xml; path = Info.plist; sourceTree = "<group>"; };
/* End PBXFileReference section */

/* Begin PBXFrameworksBuildPhase section */
		F2E3317127BE2446001D7388 /* Frameworks */ = {
			isa = PBXFrameworksBuildPhase;
			buildActionMask = 2147483647;
			files = (
			);
			runOnlyForDeploymentPostprocessing = 0;
		};
/* End PBXFrameworksBuildPhase section */

/* Begin PBXGroup section */
		F2E3316B27BE2445001D7388 = {
			isa = PBXGroup;
			children = (
				F2E3317627BE2446001D7388 /* PDP_Storyboard(XIB)_ArDePattern */,
				F2E3317527BE2446001D7388 /* Products */,
			);
			sourceTree = "<group>";
		};
		F2E3317527BE2446001D7388 /* Products */ = {
			isa = PBXGroup;
			children = (
				F2E3317427BE2446001D7388 /* PDP_Storyboard(XIB)_ArDePattern.app */,
			);
			name = Products;
			sourceTree = "<group>";
		};
		F2E3317627BE2446001D7388 /* PDP_Storyboard(XIB)_ArDePattern */ = {
			isa = PBXGroup;
			children = (
				F2E3317727BE2446001D7388 /* AppDelegate.swift */,
				F2E3317927BE2446001D7388 /* SceneDelegate.swift */,
				F2E3317B27BE2446001D7388 /* ViewController.swift */,
				F2E3317D27BE2446001D7388 /* Main.storyboard */,
				F2E3318027BE244D001D7388 /* Assets.xcassets */,
				F2E3318227BE244D001D7388 /* LaunchScreen.storyboard */,
				F2E3318527BE244D001D7388 /* Info.plist */,
			);
			path = "PDP_Storyboard(XIB)_ArDePattern";
			sourceTree = "<group>";
		};
/* End PBXGroup section */

/* Begin PBXNativeTarget section */
		F2E3317327BE2446001D7388 /* PDP_Storyboard(XIB)_ArDePattern */ = {
			isa = PBXNativeTarget;
			buildConfigurationList = F2E3318827BE244D001D7388 /* Build configuration list for PBXNativeTarget "PDP_Storyboard(XIB)_ArDePattern" */;
			buildPhases = (
				F2E3317027BE2446001D7388 /* Sources */,
				F2E3317127BE2446001D7388 /* Frameworks */,
				F2E3317227BE2446001D7388 /* Resources */,
			);
			buildRules = (
			);
			dependencies = (
			);
			name = "PDP_Storyboard(XIB)_ArDePattern";
			productName = "PDP_Storyboard(XIB)_ArDePattern";
			productReference = F2E3317427BE2446001D7388 /* PDP_Storyboard(XIB)_ArDePattern.app */;
			productType = "com.apple.product-type.application";
		};
/* End PBXNativeTarget section */

/* Begin PBXProject section */
		F2E3316C27BE2446001D7388 /* Project object */ = {
			isa = PBXProject;
			attributes = {
				LastSwiftUpdateCheck = 1250;
				LastUpgradeCheck = 1250;
				TargetAttributes = {
					F2E3317327BE2446001D7388 = {
						CreatedOnToolsVersion = 12.5.1;
					};
				};
			};
			buildConfigurationList = F2E3316F27BE2446001D7388 /* Build configuration list for PBXProject "PDP_Storyboard(XIB)_ArDePattern" */;
			compatibilityVersion = "Xcode 9.3";
			developmentRegion = en;
			hasScannedForEncodings = 0;
			knownRegions = (
				en,
				Base,
			);
			mainGroup = F2E3316B27BE2445001D7388;
			productRefGroup = F2E3317527BE2446001D7388 /* Products */;
			projectDirPath = "";
			projectRoot = "";
			targets = (
				F2E3317327BE2446001D7388 /* PDP_Storyboard(XIB)_ArDePattern */,
			);
		};
/* End PBXProject section */

/* Begin PBXResourcesBuildPhase section */
		F2E3317227BE2446001D7388 /* Resources */ = {
			isa = PBXResourcesBuildPhase;
			buildActionMask = 2147483647;
			files = (
				F2E3318427BE244D001D7388 /* LaunchScreen.storyboard in Resources */,
				F2E3318127BE244D001D7388 /* Assets.xcassets in Resources */,
				F2E3317F27BE2446001D7388 /* Main.storyboard in Resources */,
			);
			runOnlyForDeploymentPostprocessing = 0;
		};
/* End PBXResourcesBuildPhase section */

/* Begin PBXSourcesBuildPhase section */
		F2E3317027BE2446001D7388 /* Sources */ = {
			isa = PBXSourcesBuildPhase;
			buildActionMask = 2147483647;
			files = (
				F2E3317C27BE2446001D7388 /* ViewController.swift in Sources */,
				F2E3317827BE2446001D7388 /* AppDelegate.swift in Sources */,
				F2E3317A27BE2446001D7388 /* SceneDelegate.swift in Sources */,
			);
			runOnlyForDeploymentPostprocessing = 0;
		};
/* End PBXSourcesBuildPhase section */

/* Begin PBXVariantGroup section */
		F2E3317D27BE2446001D7388 /* Main.storyboard */ = {
			isa = PBXVariantGroup;
			children = (
				F2E3317E27BE2446001D7388 /* Base */,
			);
			name = Main.storyboard;
			sourceTree = "<group>";
		};
		F2E3318227BE244D001D7388 /* LaunchScreen.storyboard */ = {
			isa = PBXVariantGroup;
			children = (
				F2E3318327BE244D001D7388 /* Base */,
			);
			name = LaunchScreen.storyboard;
			sourceTree = "<group>";
		};
/* End PBXVariantGroup section */

/* Begin XCBuildConfiguration section */
		F2E3318627BE244D001D7388 /* Debug */ = {
			isa = XCBuildConfiguration;
			buildSettings = {
				ALWAYS_SEARCH_USER_PATHS = NO;
				CLANG_ANALYZER_NONNULL = YES;
				CLANG_ANALYZER_NUMBER_OBJECT_CONVERSION = YES_AGGRESSIVE;
				CLANG_CXX_LANGUAGE_STANDARD = "gnu++14";
				CLANG_CXX_LIBRARY = "libc++";
				CLANG_ENABLE_MODULES = YES;
				CLANG_ENABLE_OBJC_ARC = YES;
				CLANG_ENABLE_OBJC_WEAK = YES;
				CLANG_WARN_BLOCK_CAPTURE_AUTORELEASING = YES;
				CLANG_WARN_BOOL_CONVERSION = YES;
				CLANG_WARN_COMMA = YES;
				CLANG_WARN_CONSTANT_CONVERSION = YES;
				CLANG_WARN_DEPRECATED_OBJC_IMPLEMENTATIONS = YES;
				CLANG_WARN_DIRECT_OBJC_ISA_USAGE = YES_ERROR;
				CLANG_WARN_DOCUMENTATION_COMMENTS = YES;
				CLANG_WARN_EMPTY_BODY = YES;
				CLANG_WARN_ENUM_CONVERSION = YES;
				CLANG_WARN_INFINITE_RECURSION = YES;
				CLANG_WARN_INT_CONVERSION = YES;
				CLANG_WARN_NON_LITERAL_NULL_CONVERSION = YES;
				CLANG_WARN_OBJC_IMPLICIT_RETAIN_SELF = YES;
				CLANG_WARN_OBJC_LITERAL_CONVERSION = YES;
				CLANG_WARN_OBJC_ROOT_CLASS = YES_ERROR;
				CLANG_WARN_QUOTED_INCLUDE_IN_FRAMEWORK_HEADER = YES;
				CLANG_WARN_RANGE_LOOP_ANALYSIS = YES;
				CLANG_WARN_STRICT_PROTOTYPES = YES;
				CLANG_WARN_SUSPICIOUS_MOVE = YES;
				CLANG_WARN_UNGUARDED_AVAILABILITY = YES_AGGRESSIVE;
				CLANG_WARN_UNREACHABLE_CODE = YES;
				CLANG_WARN__DUPLICATE_METHOD_MATCH = YES;
				COPY_PHASE_STRIP = NO;
				DEBUG_INFORMATION_FORMAT = dwarf;
				ENABLE_STRICT_OBJC_MSGSEND = YES;
				ENABLE_TESTABILITY = YES;
				GCC_C_LANGUAGE_STANDARD = gnu11;
				GCC_DYNAMIC_NO_PIC = NO;
				GCC_NO_COMMON_BLOCKS = YES;
				GCC_OPTIMIZATION_LEVEL = 0;
				GCC_PREPROCESSOR_DEFINITIONS = (
					"DEBUG=1",
					"$(inherited)",
				);
				GCC_WARN_64_TO_32_BIT_CONVERSION = YES;
				GCC_WARN_ABOUT_RETURN_TYPE = YES_ERROR;
				GCC_WARN_UNDECLARED_SELECTOR = YES;
				GCC_WARN_UNINITIALIZED_AUTOS = YES_AGGRESSIVE;
				GCC_WARN_UNUSED_FUNCTION = YES;
				GCC_WARN_UNUSED_VARIABLE = YES;
				IPHONEOS_DEPLOYMENT_TARGET = 14.5;
				MTL_ENABLE_DEBUG_INFO = INCLUDE_SOURCE;
				MTL_FAST_MATH = YES;
				ONLY_ACTIVE_ARCH = YES;
				SDKROOT = iphoneos;
				SWIFT_ACTIVE_COMPILATION_CONDITIONS = DEBUG;
				SWIFT_OPTIMIZATION_LEVEL = "-Onone";
			};
			name = Debug;
		};
		F2E3318727BE244D001D7388 /* Release */ = {
			isa = XCBuildConfiguration;
			buildSettings = {
				ALWAYS_SEARCH_USER_PATHS = NO;
				CLANG_ANALYZER_NONNULL = YES;
				CLANG_ANALYZER_NUMBER_OBJECT_CONVERSION = YES_AGGRESSIVE;
				CLANG_CXX_LANGUAGE_STANDARD = "gnu++14";
				CLANG_CXX_LIBRARY = "libc++";
				CLANG_ENABLE_MODULES = YES;
				CLANG_ENABLE_OBJC_ARC = YES;
				CLANG_ENABLE_OBJC_WEAK = YES;
				CLANG_WARN_BLOCK_CAPTURE_AUTORELEASING = YES;
				CLANG_WARN_BOOL_CONVERSION = YES;
				CLANG_WARN_COMMA = YES;
				CLANG_WARN_CONSTANT_CONVERSION = YES;
				CLANG_WARN_DEPRECATED_OBJC_IMPLEMENTATIONS = YES;
				CLANG_WARN_DIRECT_OBJC_ISA_USAGE = YES_ERROR;
				CLANG_WARN_DOCUMENTATION_COMMENTS = YES;
				CLANG_WARN_EMPTY_BODY = YES;
				CLANG_WARN_ENUM_CONVERSION = YES;
				CLANG_WARN_INFINITE_RECURSION = YES;
				CLANG_WARN_INT_CONVERSION = YES;
				CLANG_WARN_NON_LITERAL_NULL_CONVERSION = YES;
				CLANG_WARN_OBJC_IMPLICIT_RETAIN_SELF = YES;
				CLANG_WARN_OBJC_LITERAL_CONVERSION = YES;
				CLANG_WARN_OBJC_ROOT_CLASS = YES_ERROR;
				CLANG_WARN_QUOTED_INCLUDE_IN_FRAMEWORK_HEADER = YES;
				CLANG_WARN_RANGE_LOOP_ANALYSIS = YES;
				CLANG_WARN_STRICT_PROTOTYPES = YES;
				CLANG_WARN_SUSPICIOUS_MOVE = YES;
				CLANG_WARN_UNGUARDED_AVAILABILITY = YES_AGGRESSIVE;
				CLANG_WARN_UNREACHABLE_CODE = YES;
				CLANG_WARN__DUPLICATE_METHOD_MATCH = YES;
				COPY_PHASE_STRIP = NO;
				DEBUG_INFORMATION_FORMAT = "dwarf-with-dsym";
				ENABLE_NS_ASSERTIONS = NO;
				ENABLE_STRICT_OBJC_MSGSEND = YES;
				GCC_C_LANGUAGE_STANDARD = gnu11;
				GCC_NO_COMMON_BLOCKS = YES;
				GCC_WARN_64_TO_32_BIT_CONVERSION = YES;
				GCC_WARN_ABOUT_RETURN_TYPE = YES_ERROR;
				GCC_WARN_UNDECLARED_SELECTOR = YES;
				GCC_WARN_UNINITIALIZED_AUTOS = YES_AGGRESSIVE;
				GCC_WARN_UNUSED_FUNCTION = YES;
				GCC_WARN_UNUSED_VARIABLE = YES;
				IPHONEOS_DEPLOYMENT_TARGET = 14.5;
				MTL_ENABLE_DEBUG_INFO = NO;
				MTL_FAST_MATH = YES;
				SDKROOT = iphoneos;
				SWIFT_COMPILATION_MODE = wholemodule;
				SWIFT_OPTIMIZATION_LEVEL = "-O";
				VALIDATE_PRODUCT = YES;
			};
			name = Release;
		};
		F2E3318927BE244D001D7388 /* Debug */ = {
			isa = XCBuildConfiguration;
			buildSettings = {
				ASSETCATALOG_COMPILER_APPICON_NAME = AppIcon;
				ASSETCATALOG_COMPILER_GLOBAL_ACCENT_COLOR_NAME = AccentColor;
				CODE_SIGN_STYLE = Automatic;
				DEVELOPMENT_TEAM = LWVBT323AX;
				INFOPLIST_FILE = "PDP_Storyboard(XIB)_ArDePattern/Info.plist";
				LD_RUNPATH_SEARCH_PATHS = (
					"$(inherited)",
					"@executable_path/Frameworks",
				);
				PRODUCT_BUNDLE_IDENTIFIER = "spy-go-fast.PDP-Storyboard-XIB--ArDePattern";
				PRODUCT_NAME = "$(TARGET_NAME)";
				SWIFT_VERSION = 5.0;
				TARGETED_DEVICE_FAMILY = "1,2";
			};
			name = Debug;
		};
		F2E3318A27BE244D001D7388 /* Release */ = {
			isa = XCBuildConfiguration;
			buildSettings = {
				ASSETCATALOG_COMPILER_APPICON_NAME = AppIcon;
				ASSETCATALOG_COMPILER_GLOBAL_ACCENT_COLOR_NAME = AccentColor;
				CODE_SIGN_STYLE = Automatic;
				DEVELOPMENT_TEAM = LWVBT323AX;
				INFOPLIST_FILE = "PDP_Storyboard(XIB)_ArDePattern/Info.plist";
				LD_RUNPATH_SEARCH_PATHS = (
					"$(inherited)",
					"@executable_path/Frameworks",
				);
				PRODUCT_BUNDLE_IDENTIFIER = "spy-go-fast.PDP-Storyboard-XIB--ArDePattern";
				PRODUCT_NAME = "$(TARGET_NAME)";
				SWIFT_VERSION = 5.0;
				TARGETED_DEVICE_FAMILY = "1,2";
			};
			name = Release;
		};
/* End XCBuildConfiguration section */

/* Begin XCConfigurationList section */
		F2E3316F27BE2446001D7388 /* Build configuration list for PBXProject "PDP_Storyboard(XIB)_ArDePattern" */ = {
			isa = XCConfigurationList;
			buildConfigurations = (
				F2E3318627BE244D001D7388 /* Debug */,
				F2E3318727BE244D001D7388 /* Release */,
			);
			defaultConfigurationIsVisible = 0;
			defaultConfigurationName = Release;
		};
		F2E3318827BE244D001D7388 /* Build configuration list for PBXNativeTarget "PDP_Storyboard(XIB)_ArDePattern" */ = {
			isa = XCConfigurationList;
			buildConfigurations = (
				F2E3318927BE244D001D7388 /* Debug */,
				F2E3318A27BE244D001D7388 /* Release */,
			);
			defaultConfigurationIsVisible = 0;
			defaultConfigurationName = Release;
		};
/* End XCConfigurationList section */
	};
	rootObject = F2E3316C27BE2446001D7388 /* Project object */;
}
